
Microsoft Visual Studio Solution File, Format Version 12.00
# Visual Studio Version 17
VisualStudioVersion = 17.8.34330.188
MinimumVisualStudioVersion = 10.0.40219.1
Project("{9A19103F-16F7-4668-BE54-9A1E7A4F7556}") = "hemiphaga", "hemiphaga\hemiphaga.csproj", "{CFD281F6-6DD8-4B88-BA80-6431566465E2}"
EndProject
Project("{2150E333-8FDC-42A3-9474-1A3956D46DE8}") = "Part2 SQL", "Part2 SQL", "{A1DB4D43-9E33-4548-8FEC-90D2EBA5F729}"
	ProjectSection(SolutionItems) = preProject
		Part2 SQL\diagram.jpg = Part2 SQL\diagram.jpg
		Part2 SQL\Selection.sql = Part2 SQL\Selection.sql
		Part2 SQL\Table contents.sql = Part2 SQL\Table contents.sql
		Part2 SQL\Table creation.sql = Part2 SQL\Table creation.sql
	EndProjectSection
EndProject
Project("{9A19103F-16F7-4668-BE54-9A1E7A4F7556}") = "PoW", "PoW\PoW.csproj", "{156736DA-7F4E-47C0-AFCA-560045B0B511}"
EndProject
Project("{FAE04EC0-301F-11D3-BF4B-00C04F79EFBC}") = "ShapesTest", "ShapesTest\ShapesTest.csproj", "{34261887-CBBC-4B1F-8FE5-0D26BE7043E0}"
	ProjectSection(ProjectDependencies) = postProject
		{CFD281F6-6DD8-4B88-BA80-6431566465E2} = {CFD281F6-6DD8-4B88-BA80-6431566465E2}
	EndProjectSection
EndProject
Global
	GlobalSection(SolutionConfigurationPlatforms) = preSolution
		Debug|Any CPU = Debug|Any CPU
		Release|Any CPU = Release|Any CPU
	EndGlobalSection
	GlobalSection(ProjectConfigurationPlatforms) = postSolution
		{CFD281F6-6DD8-4B88-BA80-6431566465E2}.Debug|Any CPU.ActiveCfg = Debug|Any CPU
		{CFD281F6-6DD8-4B88-BA80-6431566465E2}.Debug|Any CPU.Build.0 = Debug|Any CPU
		{CFD281F6-6DD8-4B88-BA80-6431566465E2}.Release|Any CPU.ActiveCfg = Release|Any CPU
		{CFD281F6-6DD8-4B88-BA80-6431566465E2}.Release|Any CPU.Build.0 = Release|Any CPU
		{156736DA-7F4E-47C0-AFCA-560045B0B511}.Debug|Any CPU.ActiveCfg = Debug|Any CPU
		{156736DA-7F4E-47C0-AFCA-560045B0B511}.Debug|Any CPU.Build.0 = Debug|Any CPU
		{156736DA-7F4E-47C0-AFCA-560045B0B511}.Release|Any CPU.ActiveCfg = Release|Any CPU
		{156736DA-7F4E-47C0-AFCA-560045B0B511}.Release|Any CPU.Build.0 = Release|Any CPU
		{34261887-CBBC-4B1F-8FE5-0D26BE7043E0}.Debug|Any CPU.ActiveCfg = Debug|Any CPU
		{34261887-CBBC-4B1F-8FE5-0D26BE7043E0}.Debug|Any CPU.Build.0 = Debug|Any CPU
		{34261887-CBBC-4B1F-8FE5-0D26BE7043E0}.Release|Any CPU.ActiveCfg = Release|Any CPU
		{34261887-CBBC-4B1F-8FE5-0D26BE7043E0}.Release|Any CPU.Build.0 = Release|Any CPU
	EndGlobalSection
	GlobalSection(SolutionProperties) = preSolution
		HideSolutionNode = FALSE
	EndGlobalSection
	GlobalSection(ExtensibilityGlobals) = postSolution
		SolutionGuid = {D06CEDEC-B986-4B70-9433-8014BE099743}
	EndGlobalSection
EndGlobal
